{
  "name": "mo_js",
  "version": "2.0.0",
  "lockfileVersion": 3,
  "requires": true,
  "packages": {
    "": {
      "name": "mo_js",
      "version": "2.0.0",
      "license": "ISC",
      "dependencies": {
        "mo": "^1.7.3"
      }
    },
    "node_modules/mo": {
      "version": "1.7.3",
      "resolved": "https://registry.npmjs.org/mo/-/mo-1.7.3.tgz",
      "integrity": "sha512-YJT2mnQBdeFkb0eESdatfyHW8WkPQAly5ImFNORlA1z8e64Uvo7gtTE3CefU3qTQx2Z3LnEwISP+WkxoSiFG/A==",
      "engines": {
        "node": ">=0.8.0"
      }
    }
  }
}
